Microsoft Visual Studio Solution File, Format Version 12.00
# Visual Studio 15
VisualStudioVersion = 15.0.26730.10
MinimumVisualStudioVersion = 15.0.26124.0
Project("{2150E333-8FDC-42A3-9474-1A3956D46DE8}") = "src", "src", "{71E45546-EAEB-499C-8F77-1E1052EEEFDC}"
EndProject
Project("{9A19103F-16F7-4668-BE54-9A1E7A4F7556}") = "SSE.AspNetCore", "src\SSE.AspNetCore\SSE.AspNetCore.csproj", "{2E43E5E1-67DF-4FD6-8804-A1102A4E117D}"
EndProject
Global
	GlobalSection(SolutionConfigurationPlatforms) = preSolution
		Debug|Any CPU = Debug|Any CPU
		Debug|x64 = Debug|x64
		Debug|x86 = Debug|x86
		Release|Any CPU = Release|Any CPU
		Release|x64 = Release|x64
		Release|x86 = Release|x86
	EndGlobalSection
	GlobalSection(ProjectConfigurationPlatforms) = postSolution
		{2E43E5E1-67DF-4FD6-8804-A1102A4E117D}.Debug|Any CPU.ActiveCfg = Debug|Any CPU
		{2E43E5E1-67DF-4FD6-8804-A1102A4E117D}.Debug|Any CPU.Build.0 = Debug|Any CPU
		{2E43E5E1-67DF-4FD6-8804-A1102A4E117D}.Debug|x64.ActiveCfg = Debug|Any CPU
		{2E43E5E1-67DF-4FD6-8804-A1102A4E117D}.Debug|x64.Build.0 = Debug|Any CPU
		{2E43E5E1-67DF-4FD6-8804-A1102A4E117D}.Debug|x86.ActiveCfg = Debug|Any CPU
		{2E43E5E1-67DF-4FD6-8804-A1102A4E117D}.Debug|x86.Build.0 = Debug|Any CPU
		{2E43E5E1-67DF-4FD6-8804-A1102A4E117D}.Release|Any CPU.ActiveCfg = Release|Any CPU
		{2E43E5E1-67DF-4FD6-8804-A1102A4E117D}.Release|Any CPU.Build.0 = Release|Any CPU
		{2E43E5E1-67DF-4FD6-8804-A1102A4E117D}.Release|x64.ActiveCfg = Release|Any CPU
		{2E43E5E1-67DF-4FD6-8804-A1102A4E117D}.Release|x64.Build.0 = Release|Any CPU
		{2E43E5E1-67DF-4FD6-8804-A1102A4E117D}.Release|x86.ActiveCfg = Release|Any CPU
		{2E43E5E1-67DF-4FD6-8804-A1102A4E117D}.Release|x86.Build.0 = Release|Any CPU
	EndGlobalSection
	GlobalSection(SolutionProperties) = preSolution
		HideSolutionNode = FALSE
	EndGlobalSection
	GlobalSection(NestedProjects) = preSolution
		{2E43E5E1-67DF-4FD6-8804-A1102A4E117D} = {71E45546-EAEB-499C-8F77-1E1052EEEFDC}
	EndGlobalSection
	GlobalSection(ExtensibilityGlobals) = postSolution
		SolutionGuid = {6684CC5C-B018-4298-9D33-7706C7205151}
	EndGlobalSection
EndGlobal
